// !$*UTF8*$!
{
	archiveVersion = 1;
	classes = {
	};
	objectVersion = 46;
	objects = {

/* Begin PBXBuildFile section */
		EAB8BB421F6A665400DFA25E /* AppDelegate.swift in Sources */ = {isa = PBXBuildFile; fileRef = EAB8BB411F6A665400DFA25E /* AppDelegate.swift */; };
		EAB8BB441F6A665400DFA25E /* ViewController.swift in Sources */ = {isa = PBXBuildFile; fileRef = EAB8BB431F6A665400DFA25E /* ViewController.swift */; };
		EAB8BB471F6A665400DFA25E /* Main.storyboard in Resources */ = {isa = PBXBuildFile; fileRef = EAB8BB451F6A665400DFA25E /* Main.storyboard */; };
		EAB8BB491F6A665400DFA25E /* Assets.xcassets in Resources */ = {isa = PBXBuildFile; fileRef = EAB8BB481F6A665400DFA25E /* Assets.xcassets */; };
		EAB8BB4C1F6A665400DFA25E /* LaunchScreen.storyboard in Resources */ = {isa = PBXBuildFile; fileRef = EAB8BB4A1F6A665400DFA25E /* LaunchScreen.storyboard */; };
/* End PBXBuildFile section */

/* Begin PBXFileReference section */
		EAB8BB3E1F6A665400DFA25E /* TheTeam.app */ = {isa = PBXFileReference; explicitFileType = wrapper.application; includeInIndex = 0; path = TheTeam.app; sourceTree = BUILT_PRODUCTS_DIR; };
		EAB8BB411F6A665400DFA25E /* AppDelegate.swift */ = {isa = PBXFileReference; lastKnownFileType = sourcecode.swift; path = AppDelegate.swift; sourceTree = "<group>"; };
		EAB8BB431F6A665400DFA25E /* ViewController.swift */ = {isa = PBXFileReference; lastKnownFileType = sourcecode.swift; path = ViewController.swift; sourceTree = "<group>"; };
		EAB8BB461F6A665400DFA25E /* Base */ = {isa = PBXFileReference; lastKnownFileType = file.storyboard; name = Base; path = Base.lproj/Main.storyboard; sourceTree = "<group>"; };
		EAB8BB481F6A665400DFA25E /* Assets.xcassets */ = {isa = PBXFileReference; lastKnownFileType = folder.assetcatalog; path = Assets.xcassets; sourceTree = "<group>"; };
		EAB8BB4B1F6A665400DFA25E /* Base */ = {isa = PBXFileReference; lastKnownFileType = file.storyboard; name = Base; path = Base.lproj/LaunchScreen.storyboard; sourceTree = "<group>"; };
		EAB8BB4D1F6A665400DFA25E /* Info.plist */ = {isa = PBXFileReference; lastKnownFileType = text.plist.xml; path = Info.plist; sourceTree = "<group>"; };
/* End PBXFileReference section */

/* Begin PBXFrameworksBuildPhase section */
		EAB8BB3B1F6A665400DFA25E /* Frameworks */ = {
			isa = PBXFrameworksBuildPhase;
			buildActionMask = 2147483647;
			files = (
			);
			runOnlyForDeploymentPostprocessing = 0;
		};
/* End PBXFrameworksBuildPhase section */

/* Begin PBXGroup section */
		EAB8BB351F6A665400DFA25E = {
			isa = PBXGroup;
			children = (
				EAB8BB401F6A665400DFA25E /* TheTeam */,
				EAB8BB3F1F6A665400DFA25E /* Products */,
			);
			sourceTree = "<group>";
		};
		EAB8BB3F1F6A665400DFA25E /* Products */ = {
			isa = PBXGroup;
			children = (
				EAB8BB3E1F6A665400DFA25E /* TheTeam.app */,
			);
			name = Products;
			sourceTree = "<group>";
		};
		EAB8BB401F6A665400DFA25E /* TheTeam */ = {
			isa = PBXGroup;
			children = (
				EAB8BB411F6A665400DFA25E /* AppDelegate.swift */,
				EAB8BB431F6A665400DFA25E /* ViewController.swift */,
				EAB8BB451F6A665400DFA25E /* Main.storyboard */,
				EAB8BB481F6A665400DFA25E /* Assets.xcassets */,
				EAB8BB4A1F6A665400DFA25E /* LaunchScreen.storyboard */,
				EAB8BB4D1F6A665400DFA25E /* Info.plist */,
			);
			path = TheTeam;
			sourceTree = "<group>";
		};
/* End PBXGroup section */

/* Begin PBXNativeTarget section */
		EAB8BB3D1F6A665400DFA25E /* TheTeam */ = {
			isa = PBXNativeTarget;
			buildConfigurationList = EAB8BB501F6A665400DFA25E /* Build configuration list for PBXNativeTarget "TheTeam" */;
			buildPhases = (
				EAB8BB3A1F6A665400DFA25E /* Sources */,
				EAB8BB3B1F6A665400DFA25E /* Frameworks */,
				EAB8BB3C1F6A665400DFA25E /* Resources */,
			);
			buildRules = (
			);
			dependencies = (
			);
			name = TheTeam;
			productName = TheTeam;
			productReference = EAB8BB3E1F6A665400DFA25E /* TheTeam.app */;
			productType = "com.apple.product-type.application";
		};
/* End PBXNativeTarget section */

/* Begin PBXProject section */
		EAB8BB361F6A665400DFA25E /* Project object */ = {
			isa = PBXProject;
			attributes = {
				LastSwiftUpdateCheck = 0830;
				LastUpgradeCheck = 0830;
				ORGANIZATIONNAME = "Marcin Pietrzak";
				TargetAttributes = {
					EAB8BB3D1F6A665400DFA25E = {
						CreatedOnToolsVersion = 8.3.3;
						DevelopmentTeam = KZM8JH55Z4;
						ProvisioningStyle = Automatic;
					};
				};
			};
			buildConfigurationList = EAB8BB391F6A665400DFA25E /* Build configuration list for PBXProject "TheTeam" */;
			compatibilityVersion = "Xcode 3.2";
			developmentRegion = English;
			hasScannedForEncodings = 0;
			knownRegions = (
				en,
				Base,
			);
			mainGroup = EAB8BB351F6A665400DFA25E;
			productRefGroup = EAB8BB3F1F6A665400DFA25E /* Products */;
			projectDirPath = "";
			projectRoot = "";
			targets = (
				EAB8BB3D1F6A665400DFA25E /* TheTeam */,
			);
		};
/* End PBXProject section */

/* Begin PBXResourcesBuildPhase section */
		EAB8BB3C1F6A665400DFA25E /* Resources */ = {
			isa = PBXResourcesBuildPhase;
			buildActionMask = 2147483647;
			files = (
				EAB8BB4C1F6A665400DFA25E /* LaunchScreen.storyboard in Resources */,
				EAB8BB491F6A665400DFA25E /* Assets.xcassets in Resources */,
				EAB8BB471F6A665400DFA25E /* Main.storyboard in Resources */,
			);
			runOnlyForDeploymentPostprocessing = 0;
		};
/* End PBXResourcesBuildPhase section */

/* Begin PBXSourcesBuildPhase section */
		EAB8BB3A1F6A665400DFA25E /* Sources */ = {
			isa = PBXSourcesBuildPhase;
			buildActionMask = 2147483647;
			files = (
				EAB8BB441F6A665400DFA25E /* ViewController.swift in Sources */,
				EAB8BB421F6A665400DFA25E /* AppDelegate.swift in Sources */,
			);
			runOnlyForDeploymentPostprocessing = 0;
		};
/* End PBXSourcesBuildPhase section */

/* Begin PBXVariantGroup section */
		EAB8BB451F6A665400DFA25E /* Main.storyboard */ = {
			isa = PBXVariantGroup;
			children = (
				EAB8BB461F6A665400DFA25E /* Base */,
			);
			name = Main.storyboard;
			sourceTree = "<group>";
		};
		EAB8BB4A1F6A665400DFA25E /* LaunchScreen.storyboard */ = {
			isa = PBXVariantGroup;
			children = (
				EAB8BB4B1F6A665400DFA25E /* Base */,
			);
			name = LaunchScreen.storyboard;
			sourceTree = "<group>";
		};
/* End PBXVariantGroup section */

/* Begin XCBuildConfiguration section */
		EAB8BB4E1F6A665400DFA25E /* Debug */ = {
			isa = XCBuildConfiguration;
			buildSettings = {
				ALWAYS_SEARCH_USER_PATHS = NO;
				CLANG_ANALYZER_NONNULL = YES;
				CLANG_ANALYZER_NUMBER_OBJECT_CONVERSION = YES_AGGRESSIVE;
				CLANG_CXX_LANGUAGE_STANDARD = "gnu++0x";
				CLANG_CXX_LIBRARY = "libc++";
				CLANG_ENABLE_MODULES = YES;
				CLANG_ENABLE_OBJC_ARC = YES;
				CLANG_WARN_BOOL_CONVERSION = YES;
				CLANG_WARN_CONSTANT_CONVERSION = YES;
				CLANG_WARN_DIRECT_OBJC_ISA_USAGE = YES_ERROR;
				CLANG_WARN_DOCUMENTATION_COMMENTS = YES;
				CLANG_WARN_EMPTY_BODY = YES;
				CLANG_WARN_ENUM_CONVERSION = YES;
				CLANG_WARN_INFINITE_RECURSION = YES;
				CLANG_WARN_INT_CONVERSION = YES;
				CLANG_WARN_OBJC_ROOT_CLASS = YES_ERROR;
				CLANG_WARN_SUSPICIOUS_MOVE = YES;
				CLANG_WARN_UNREACHABLE_CODE = YES;
				CLANG_WARN__DUPLICATE_METHOD_MATCH = YES;
				"CODE_SIGN_IDENTITY[sdk=iphoneos*]" = "iPhone Developer";
				COPY_PHASE_STRIP = NO;
				DEBUG_INFORMATION_FORMAT = dwarf;
				ENABLE_STRICT_OBJC_MSGSEND = YES;
				ENABLE_TESTABILITY = YES;
				GCC_C_LANGUAGE_STANDARD = gnu99;
				GCC_DYNAMIC_NO_PIC = NO;
				GCC_NO_COMMON_BLOCKS = YES;
				GCC_OPTIMIZATION_LEVEL = 0;
				GCC_PREPROCESSOR_DEFINITIONS = (
					"DEBUG=1",
					"$(inherited)",
				);
				GCC_WARN_64_TO_32_BIT_CONVERSION = YES;
				GCC_WARN_ABOUT_RETURN_TYPE = YES_ERROR;
				GCC_WARN_UNDECLARED_SELECTOR = YES;
				GCC_WARN_UNINITIALIZED_AUTOS = YES_AGGRESSIVE;
				GCC_WARN_UNUSED_FUNCTION = YES;
				GCC_WARN_UNUSED_VARIABLE = YES;
				IPHONEOS_DEPLOYMENT_TARGET = 10.3;
				MTL_ENABLE_DEBUG_INFO = YES;
				ONLY_ACTIVE_ARCH = YES;
				SDKROOT = iphoneos;
				SWIFT_ACTIVE_COMPILATION_CONDITIONS = DEBUG;
				SWIFT_OPTIMIZATION_LEVEL = "-Onone";
				TARGETED_DEVICE_FAMILY = "1,2";
			};
			name = Debug;
		};
		EAB8BB4F1F6A665400DFA25E /* Release */ = {
			isa = XCBuildConfiguration;
			buildSettings = {
				ALWAYS_SEARCH_USER_PATHS = NO;
				CLANG_ANALYZER_NONNULL = YES;
				CLANG_ANALYZER_NUMBER_OBJECT_CONVERSION = YES_AGGRESSIVE;
				CLANG_CXX_LANGUAGE_STANDARD = "gnu++0x";
				CLANG_CXX_LIBRARY = "libc++";
				CLANG_ENABLE_MODULES = YES;
				CLANG_ENABLE_OBJC_ARC = YES;
				CLANG_WARN_BOOL_CONVERSION = YES;
				CLANG_WARN_CONSTANT_CONVERSION = YES;
				CLANG_WARN_DIRECT_OBJC_ISA_USAGE = YES_ERROR;
				CLANG_WARN_DOCUMENTATION_COMMENTS = YES;
				CLANG_WARN_EMPTY_BODY = YES;
				CLANG_WARN_ENUM_CONVERSION = YES;
				CLANG_WARN_INFINITE_RECURSION = YES;
				CLANG_WARN_INT_CONVERSION = YES;
				CLANG_WARN_OBJC_ROOT_CLASS = YES_ERROR;
				CLANG_WARN_SUSPICIOUS_MOVE = YES;
				CLANG_WARN_UNREACHABLE_CODE = YES;
				CLANG_WARN__DUPLICATE_METHOD_MATCH = YES;
				"CODE_SIGN_IDENTITY[sdk=iphoneos*]" = "iPhone Developer";
				COPY_PHASE_STRIP = NO;
				DEBUG_INFORMATION_FORMAT = "dwarf-with-dsym";
				ENABLE_NS_ASSERTIONS = NO;
				ENABLE_STRICT_OBJC_MSGSEND = YES;
				GCC_C_LANGUAGE_STANDARD = gnu99;
				GCC_NO_COMMON_BLOCKS = YES;
				GCC_WARN_64_TO_32_BIT_CONVERSION = YES;
				GCC_WARN_ABOUT_RETURN_TYPE = YES_ERROR;
				GCC_WARN_UNDECLARED_SELECTOR = YES;
				GCC_WARN_UNINITIALIZED_AUTOS = YES_AGGRESSIVE;
				GCC_WARN_UNUSED_FUNCTION = YES;
				GCC_WARN_UNUSED_VARIABLE = YES;
				IPHONEOS_DEPLOYMENT_TARGET = 10.3;
				MTL_ENABLE_DEBUG_INFO = NO;
				SDKROOT = iphoneos;
				SWIFT_OPTIMIZATION_LEVEL = "-Owholemodule";
				TARGETED_DEVICE_FAMILY = "1,2";
				VALIDATE_PRODUCT = YES;
			};
			name = Release;
		};
		EAB8BB511F6A665400DFA25E /* Debug */ = {
			isa = XCBuildConfiguration;
			buildSettings = {
				ASSETCATALOG_COMPILER_APPICON_NAME = AppIcon;
				DEVELOPMENT_TEAM = KZM8JH55Z4;
				INFOPLIST_FILE = TheTeam/Info.plist;
				LD_RUNPATH_SEARCH_PATHS = "$(inherited) @executable_path/Frameworks";
				PRODUCT_BUNDLE_IDENTIFIER = com.swiftarcher.TheTeam;
				PRODUCT_NAME = "$(TARGET_NAME)";
				SWIFT_VERSION = 3.0;
			};
			name = Debug;
		};
		EAB8BB521F6A665400DFA25E /* Release */ = {
			isa = XCBuildConfiguration;
			buildSettings = {
				ASSETCATALOG_COMPILER_APPICON_NAME = AppIcon;
				DEVELOPMENT_TEAM = KZM8JH55Z4;
				INFOPLIST_FILE = TheTeam/Info.plist;
				LD_RUNPATH_SEARCH_PATHS = "$(inherited) @executable_path/Frameworks";
				PRODUCT_BUNDLE_IDENTIFIER = com.swiftarcher.TheTeam;
				PRODUCT_NAME = "$(TARGET_NAME)";
				SWIFT_VERSION = 3.0;
			};
			name = Release;
		};
/* End XCBuildConfiguration section */

/* Begin XCConfigurationList section */
		EAB8BB391F6A665400DFA25E /* Build configuration list for PBXProject "TheTeam" */ = {
			isa = XCConfigurationList;
			buildConfigurations = (
				EAB8BB4E1F6A665400DFA25E /* Debug */,
				EAB8BB4F1F6A665400DFA25E /* Release */,
			);
			defaultConfigurationIsVisible = 0;
			defaultConfigurationName = Release;
		};
		EAB8BB501F6A665400DFA25E /* Build configuration list for PBXNativeTarget "TheTeam" */ = {
			isa = XCConfigurationList;
			buildConfigurations = (
				EAB8BB511F6A665400DFA25E /* Debug */,
				EAB8BB521F6A665400DFA25E /* Release */,
			);
			defaultConfigurationIsVisible = 0;
		};
/* End XCConfigurationList section */
	};
	rootObject = EAB8BB361F6A665400DFA25E /* Project object */;
}
